
Microsoft Visual Studio Solution File, Format Version 12.00
Project("{FAE04EC0-301F-11D3-BF4B-00C04F79EFBC}") = "YatzyKata", "YatzyKata\YatzyKata.csproj", "{FE82B0E0-9621-4119-8A1C-038C1D26D867}"
EndProject
Project("{FAE04EC0-301F-11D3-BF4B-00C04F79EFBC}") = "YatzyTests", "YatzyTests\YatzyTests.csproj", "{43B11C45-B517-4851-9ED6-0C5E43D10F5D}"
EndProject
Global
	GlobalSection(SolutionConfigurationPlatforms) = preSolution
		Debug|Any CPU = Debug|Any CPU
		Release|Any CPU = Release|Any CPU
	EndGlobalSection
	GlobalSection(ProjectConfigurationPlatforms) = postSolution
		{FE82B0E0-9621-4119-8A1C-038C1D26D867}.Debug|Any CPU.ActiveCfg = Debug|Any CPU
		{FE82B0E0-9621-4119-8A1C-038C1D26D867}.Debug|Any CPU.Build.0 = Debug|Any CPU
		{FE82B0E0-9621-4119-8A1C-038C1D26D867}.Release|Any CPU.ActiveCfg = Release|Any CPU
		{FE82B0E0-9621-4119-8A1C-038C1D26D867}.Release|Any CPU.Build.0 = Release|Any CPU
		{43B11C45-B517-4851-9ED6-0C5E43D10F5D}.Debug|Any CPU.ActiveCfg = Debug|Any CPU
		{43B11C45-B517-4851-9ED6-0C5E43D10F5D}.Debug|Any CPU.Build.0 = Debug|Any CPU
		{43B11C45-B517-4851-9ED6-0C5E43D10F5D}.Release|Any CPU.ActiveCfg = Release|Any CPU
		{43B11C45-B517-4851-9ED6-0C5E43D10F5D}.Release|Any CPU.Build.0 = Release|Any CPU
	EndGlobalSection
EndGlobal
